// !$*UTF8*$!
{
	archiveVersion = 1;
	classes = {
	};
	objectVersion = 48;
	objects = {

/* Begin PBXBuildFile section */
		59F265241C88DAE200534DFB /* AppDelegate.swift in Sources */ = {isa = PBXBuildFile; fileRef = 59F265231C88DAE200534DFB /* AppDelegate.swift */; };
		59F265261C88DAE200534DFB /* FirstViewController.swift in Sources */ = {isa = PBXBuildFile; fileRef = 59F265251C88DAE200534DFB /* FirstViewController.swift */; };
		59F265281C88DAE200534DFB /* SecondViewController.swift in Sources */ = {isa = PBXBuildFile; fileRef = 59F265271C88DAE200534DFB /* SecondViewController.swift */; };
		59F2652B1C88DAE200534DFB /* Main.storyboard in Resources */ = {isa = PBXBuildFile; fileRef = 59F265291C88DAE200534DFB /* Main.storyboard */; };
		59F2652D1C88DAE200534DFB /* Assets.xcassets in Resources */ = {isa = PBXBuildFile; fileRef = 59F2652C1C88DAE200534DFB /* Assets.xcassets */; };
		59F265301C88DAE200534DFB /* LaunchScreen.storyboard in Resources */ = {isa = PBXBuildFile; fileRef = 59F2652E1C88DAE200534DFB /* LaunchScreen.storyboard */; };
/* End PBXBuildFile section */

/* Begin PBXFileReference section */
		59F265201C88DAE200534DFB /* AiOne.app */ = {isa = PBXFileReference; explicitFileType = wrapper.application; includeInIndex = 0; path = AiOne.app; sourceTree = BUILT_PRODUCTS_DIR; };
		59F265231C88DAE200534DFB /* AppDelegate.swift */ = {isa = PBXFileReference; lastKnownFileType = sourcecode.swift; path = AppDelegate.swift; sourceTree = "<group>"; };
		59F265251C88DAE200534DFB /* FirstViewController.swift */ = {isa = PBXFileReference; lastKnownFileType = sourcecode.swift; path = FirstViewController.swift; sourceTree = "<group>"; };
		59F265271C88DAE200534DFB /* SecondViewController.swift */ = {isa = PBXFileReference; lastKnownFileType = sourcecode.swift; path = SecondViewController.swift; sourceTree = "<group>"; };
		59F2652A1C88DAE200534DFB /* Base */ = {isa = PBXFileReference; lastKnownFileType = file.storyboard; name = Base; path = Base.lproj/Main.storyboard; sourceTree = "<group>"; };
		59F2652C1C88DAE200534DFB /* Assets.xcassets */ = {isa = PBXFileReference; lastKnownFileType = folder.assetcatalog; path = Assets.xcassets; sourceTree = "<group>"; };
		59F2652F1C88DAE200534DFB /* Base */ = {isa = PBXFileReference; lastKnownFileType = file.storyboard; name = Base; path = Base.lproj/LaunchScreen.storyboard; sourceTree = "<group>"; };
		59F265311C88DAE200534DFB /* Info.plist */ = {isa = PBXFileReference; lastKnownFileType = text.plist.xml; path = Info.plist; sourceTree = "<group>"; };
/* End PBXFileReference section */

/* Begin PBXFrameworksBuildPhase section */
		59F2651D1C88DAE200534DFB /* Frameworks */ = {
			isa = PBXFrameworksBuildPhase;
			buildActionMask = 2147483647;
			files = (
			);
			runOnlyForDeploymentPostprocessing = 0;
		};
/* End PBXFrameworksBuildPhase section */

/* Begin PBXGroup section */
		59F265171C88DAE200534DFB = {
			isa = PBXGroup;
			children = (
				59F265221C88DAE200534DFB /* AiOne */,
				59F265211C88DAE200534DFB /* Products */,
			);
			sourceTree = "<group>";
		};
		59F265211C88DAE200534DFB /* Products */ = {
			isa = PBXGroup;
			children = (
				59F265201C88DAE200534DFB /* AiOne.app */,
			);
			name = Products;
			sourceTree = "<group>";
		};
		59F265221C88DAE200534DFB /* AiOne */ = {
			isa = PBXGroup;
			children = (
				59F265231C88DAE200534DFB /* AppDelegate.swift */,
				59F265251C88DAE200534DFB /* FirstViewController.swift */,
				59F265271C88DAE200534DFB /* SecondViewController.swift */,
				59F265291C88DAE200534DFB /* Main.storyboard */,
				59F2652C1C88DAE200534DFB /* Assets.xcassets */,
				59F2652E1C88DAE200534DFB /* LaunchScreen.storyboard */,
				59F265311C88DAE200534DFB /* Info.plist */,
			);
			path = AiOne;
			sourceTree = "<group>";
		};
/* End PBXGroup section */

/* Begin PBXNativeTarget section */
		59F2651F1C88DAE200534DFB /* AiOne */ = {
			isa = PBXNativeTarget;
			buildConfigurationList = 59F265341C88DAE200534DFB /* Build configuration list for PBXNativeTarget "AiOne" */;
			buildPhases = (
				59F2651C1C88DAE200534DFB /* Sources */,
				59F2651D1C88DAE200534DFB /* Frameworks */,
				59F2651E1C88DAE200534DFB /* Resources */,
			);
			buildRules = (
			);
			dependencies = (
			);
			name = AiOne;
			productName = AiOne;
			productReference = 59F265201C88DAE200534DFB /* AiOne.app */;
			productType = "com.apple.product-type.application";
		};
/* End PBXNativeTarget section */

/* Begin PBXProject section */
		59F265181C88DAE200534DFB /* Project object */ = {
			isa = PBXProject;
			attributes = {
				CLASSPREFIX = Ai;
				LastSwiftUpdateCheck = 0720;
				LastUpgradeCheck = 0810;
				ORGANIZATIONNAME = "Andrius K";
				TargetAttributes = {
					59F2651F1C88DAE200534DFB = {
						CreatedOnToolsVersion = 7.2.1;
						DevelopmentTeam = 7NWMRGEB3F;
						LastSwiftMigration = 0810;
					};
				};
			};
			buildConfigurationList = 59F2651B1C88DAE200534DFB /* Build configuration list for PBXProject "AiOne" */;
			compatibilityVersion = "Xcode 8.0";
			developmentRegion = English;
			hasScannedForEncodings = 0;
			knownRegions = (
				en,
				Base,
			);
			mainGroup = 59F265171C88DAE200534DFB;
			productRefGroup = 59F265211C88DAE200534DFB /* Products */;
			projectDirPath = "";
			projectRoot = "";
			targets = (
				59F2651F1C88DAE200534DFB /* AiOne */,
			);
		};
/* End PBXProject section */

/* Begin PBXResourcesBuildPhase section */
		59F2651E1C88DAE200534DFB /* Resources */ = {
			isa = PBXResourcesBuildPhase;
			buildActionMask = 2147483647;
			files = (
				59F265301C88DAE200534DFB /* LaunchScreen.storyboard in Resources */,
				59F2652D1C88DAE200534DFB /* Assets.xcassets in Resources */,
				59F2652B1C88DAE200534DFB /* Main.storyboard in Resources */,
			);
			runOnlyForDeploymentPostprocessing = 0;
		};
/* End PBXResourcesBuildPhase section */

/* Begin PBXSourcesBuildPhase section */
		59F2651C1C88DAE200534DFB /* Sources */ = {
			isa = PBXSourcesBuildPhase;
			buildActionMask = 2147483647;
			files = (
				59F265281C88DAE200534DFB /* SecondViewController.swift in Sources */,
				59F265241C88DAE200534DFB /* AppDelegate.swift in Sources */,
				59F265261C88DAE200534DFB /* FirstViewController.swift in Sources */,
			);
			runOnlyForDeploymentPostprocessing = 0;
		};
/* End PBXSourcesBuildPhase section */

/* Begin PBXVariantGroup section */
		59F265291C88DAE200534DFB /* Main.storyboard */ = {
			isa = PBXVariantGroup;
			children = (
				59F2652A1C88DAE200534DFB /* Base */,
			);
			name = Main.storyboard;
			sourceTree = "<group>";
			wrapsLines = 0;
		};
		59F2652E1C88DAE200534DFB /* LaunchScreen.storyboard */ = {
			isa = PBXVariantGroup;
			children = (
				59F2652F1C88DAE200534DFB /* Base */,
			);
			name = LaunchScreen.storyboard;
			sourceTree = "<group>";
		};
/* End PBXVariantGroup section */

/* Begin XCBuildConfiguration section */
		59F265321C88DAE200534DFB /* Debug */ = {
			isa = XCBuildConfiguration;
			buildSettings = {
				ALWAYS_SEARCH_USER_PATHS = NO;
				CLANG_CXX_LANGUAGE_STANDARD = "gnu++0x";
				CLANG_CXX_LIBRARY = "libc++";
				CLANG_ENABLE_MODULES = YES;
				CLANG_ENABLE_OBJC_ARC = YES;
				CLANG_WARN_BOOL_CONVERSION = YES;
				CLANG_WARN_CONSTANT_CONVERSION = YES;
				CLANG_WARN_DIRECT_OBJC_ISA_USAGE = YES_ERROR;
				CLANG_WARN_EMPTY_BODY = YES;
				CLANG_WARN_ENUM_CONVERSION = YES;
				CLANG_WARN_INFINITE_RECURSION = YES;
				CLANG_WARN_INT_CONVERSION = YES;
				CLANG_WARN_OBJC_ROOT_CLASS = YES_ERROR;
				CLANG_WARN_SUSPICIOUS_MOVE = YES;
				CLANG_WARN_UNREACHABLE_CODE = YES;
				CLANG_WARN__DUPLICATE_METHOD_MATCH = YES;
				"CODE_SIGN_IDENTITY[sdk=iphoneos*]" = "iPhone Developer";
				COPY_PHASE_STRIP = NO;
				DEBUG_INFORMATION_FORMAT = dwarf;
				ENABLE_STRICT_OBJC_MSGSEND = YES;
				ENABLE_TESTABILITY = YES;
				GCC_C_LANGUAGE_STANDARD = gnu99;
				GCC_DYNAMIC_NO_PIC = NO;
				GCC_NO_COMMON_BLOCKS = YES;
				GCC_OPTIMIZATION_LEVEL = 0;
				GCC_PREPROCESSOR_DEFINITIONS = (
					"DEBUG=1",
					"$(inherited)",
				);
				GCC_WARN_64_TO_32_BIT_CONVERSION = YES;
				GCC_WARN_ABOUT_RETURN_TYPE = YES_ERROR;
				GCC_WARN_UNDECLARED_SELECTOR = YES;
				GCC_WARN_UNINITIALIZED_AUTOS = YES_AGGRESSIVE;
				GCC_WARN_UNUSED_FUNCTION = YES;
				GCC_WARN_UNUSED_VARIABLE = YES;
				IPHONEOS_DEPLOYMENT_TARGET = 10.1;
				MTL_ENABLE_DEBUG_INFO = YES;
				ONLY_ACTIVE_ARCH = YES;
				SDKROOT = iphoneos10.1;
				SWIFT_OPTIMIZATION_LEVEL = "-Onone";
				TARGETED_DEVICE_FAMILY = "1,2";
			};
			name = Debug;
		};
		59F265331C88DAE200534DFB /* Release */ = {
			isa = XCBuildConfiguration;
			buildSettings = {
				ALWAYS_SEARCH_USER_PATHS = NO;
				CLANG_CXX_LANGUAGE_STANDARD = "gnu++0x";
				CLANG_CXX_LIBRARY = "libc++";
				CLANG_ENABLE_MODULES = YES;
				CLANG_ENABLE_OBJC_ARC = YES;
				CLANG_WARN_BOOL_CONVERSION = YES;
				CLANG_WARN_CONSTANT_CONVERSION = YES;
				CLANG_WARN_DIRECT_OBJC_ISA_USAGE = YES_ERROR;
				CLANG_WARN_EMPTY_BODY = YES;
				CLANG_WARN_ENUM_CONVERSION = YES;
				CLANG_WARN_INFINITE_RECURSION = YES;
				CLANG_WARN_INT_CONVERSION = YES;
				CLANG_WARN_OBJC_ROOT_CLASS = YES_ERROR;
				CLANG_WARN_SUSPICIOUS_MOVE = YES;
				CLANG_WARN_UNREACHABLE_CODE = YES;
				CLANG_WARN__DUPLICATE_METHOD_MATCH = YES;
				"CODE_SIGN_IDENTITY[sdk=iphoneos*]" = "iPhone Developer";
				COPY_PHASE_STRIP = NO;
				DEBUG_INFORMATION_FORMAT = "dwarf-with-dsym";
				ENABLE_NS_ASSERTIONS = NO;
				ENABLE_STRICT_OBJC_MSGSEND = YES;
				GCC_C_LANGUAGE_STANDARD = gnu99;
				GCC_NO_COMMON_BLOCKS = YES;
				GCC_WARN_64_TO_32_BIT_CONVERSION = YES;
				GCC_WARN_ABOUT_RETURN_TYPE = YES_ERROR;
				GCC_WARN_UNDECLARED_SELECTOR = YES;
				GCC_WARN_UNINITIALIZED_AUTOS = YES_AGGRESSIVE;
				GCC_WARN_UNUSED_FUNCTION = YES;
				GCC_WARN_UNUSED_VARIABLE = YES;
				IPHONEOS_DEPLOYMENT_TARGET = 10.1;
				MTL_ENABLE_DEBUG_INFO = NO;
				ONLY_ACTIVE_ARCH = YES;
				SDKROOT = iphoneos10.1;
				SWIFT_OPTIMIZATION_LEVEL = "-Owholemodule";
				TARGETED_DEVICE_FAMILY = "1,2";
				VALIDATE_PRODUCT = YES;
			};
			name = Release;
		};
		59F265351C88DAE200534DFB /* Debug */ = {
			isa = XCBuildConfiguration;
			buildSettings = {
				ASSETCATALOG_COMPILER_APPICON_NAME = AppIcon;
				DEVELOPMENT_TEAM = 7NWMRGEB3F;
				INFOPLIST_FILE = AiOne/Info.plist;
				IPHONEOS_DEPLOYMENT_TARGET = 10.1;
				LD_RUNPATH_SEARCH_PATHS = "$(inherited) @executable_path/Frameworks";
				PRODUCT_BUNDLE_IDENTIFIER = ai.AiOne;
				PRODUCT_NAME = "$(TARGET_NAME)";
				SWIFT_VERSION = 3.0.1;
				TARGETED_DEVICE_FAMILY = "1,2";
			};
			name = Debug;
		};
		59F265361C88DAE200534DFB /* Release */ = {
			isa = XCBuildConfiguration;
			buildSettings = {
				ASSETCATALOG_COMPILER_APPICON_NAME = AppIcon;
				DEVELOPMENT_TEAM = 7NWMRGEB3F;
				INFOPLIST_FILE = AiOne/Info.plist;
				IPHONEOS_DEPLOYMENT_TARGET = 10.1;
				LD_RUNPATH_SEARCH_PATHS = "$(inherited) @executable_path/Frameworks";
				PRODUCT_BUNDLE_IDENTIFIER = ai.AiOne;
				PRODUCT_NAME = "$(TARGET_NAME)";
				SWIFT_VERSION = 3.0.1;
				TARGETED_DEVICE_FAMILY = "1,2";
			};
			name = Release;
		};
/* End XCBuildConfiguration section */

/* Begin XCConfigurationList section */
		59F2651B1C88DAE200534DFB /* Build configuration list for PBXProject "AiOne" */ = {
			isa = XCConfigurationList;
			buildConfigurations = (
				59F265321C88DAE200534DFB /* Debug */,
				59F265331C88DAE200534DFB /* Release */,
			);
			defaultConfigurationIsVisible = 0;
			defaultConfigurationName = Debug;
		};
		59F265341C88DAE200534DFB /* Build configuration list for PBXNativeTarget "AiOne" */ = {
			isa = XCConfigurationList;
			buildConfigurations = (
				59F265351C88DAE200534DFB /* Debug */,
				59F265361C88DAE200534DFB /* Release */,
			);
			defaultConfigurationIsVisible = 0;
			defaultConfigurationName = Debug;
		};
/* End XCConfigurationList section */
	};
	rootObject = 59F265181C88DAE200534DFB /* Project object */;
}
